
Microsoft Visual Studio Solution File, Format Version 12.00
# Visual Studio Version 17
VisualStudioVersion = 17.7.34031.279
MinimumVisualStudioVersion = 10.0.40219.1
Project("{FAE04EC0-301F-11D3-BF4B-00C04F79EFBC}") = "SIM_TRUCK", "SIM_TRUCK\SIM_TRUCK.csproj", "{49EB890C-67C2-4DF3-9568-910D27796A7C}"
EndProject
Global
	GlobalSection(SolutionConfigurationPlatforms) = preSolution
		Debug|Any CPU = Debug|Any CPU
		Release|Any CPU = Release|Any CPU
	EndGlobalSection
	GlobalSection(ProjectConfigurationPlatforms) = postSolution
		{49EB890C-67C2-4DF3-9568-910D27796A7C}.Debug|Any CPU.ActiveCfg = Debug|Any CPU
		{49EB890C-67C2-4DF3-9568-910D27796A7C}.Debug|Any CPU.Build.0 = Debug|Any CPU
		{49EB890C-67C2-4DF3-9568-910D27796A7C}.Release|Any CPU.ActiveCfg = Release|Any CPU
		{49EB890C-67C2-4DF3-9568-910D27796A7C}.Release|Any CPU.Build.0 = Release|Any CPU
	EndGlobalSection
	GlobalSection(SolutionProperties) = preSolution
		HideSolutionNode = FALSE
	EndGlobalSection
	GlobalSection(ExtensibilityGlobals) = postSolution
		SolutionGuid = {6D3549F1-C7E0-471B-9E1D-E79C72E6C57D}
	EndGlobalSection
EndGlobal
